{
  "version": "5",
  "specifiers": {
    "jsr:@std/assert@1": "1.0.19",
    "jsr:@std/internal@^1.0.12": "1.0.12",
    "npm:chrome-types@~0.1.422": "0.1.422"
  },
  "jsr": {
    "@std/assert@1.0.19": {
      "integrity": "eaada96ee120cb980bc47e040f82814d786fe8162ecc53c91d8df60b8755991e",
      "dependencies": [
        "jsr:@std/internal"
      ]
    },
    "@std/internal@1.0.12": {
      "integrity": "972a634fd5bc34b242024402972cd5143eac68d8dffaca5eaa4dba30ce17b027"
    }
  },
  "npm": {
    "chrome-types@0.1.422": {
      "integrity": "sha512-MgPDW7KFMTLUIHJtwybUcF7AoYenjPEGqJidFYojJuNSSM0kjuO293w+79t1VLkI1RcNS/2yCJLDglCW6X8tTQ=="
    }
  },
  "workspace": {
    "dependencies": [
      "jsr:@std/assert@1",
      "npm:chrome-types@~0.1.422"
    ]
  }
}
